
Microsoft Visual Studio Solution File, Format Version 12.00
# Visual Studio Version 17
VisualStudioVersion = 17.3.32929.385
MinimumVisualStudioVersion = 10.0.40219.1
Project("{9A19103F-16F7-4668-BE54-9A1E7A4F7556}") = "WorkOrder.API", "WorkOrder.API\WorkOrder.API.csproj", "{78070843-6CEF-44C9-BA8F-350088B4A16F}"
EndProject
Project("{9A19103F-16F7-4668-BE54-9A1E7A4F7556}") = "WorkOrder.Domain", "WorkOrder.Domain\WorkOrder.Domain.csproj", "{8314E8F3-FFBC-4CA7-9E7F-44B298AE78C5}"
EndProject
Project("{9A19103F-16F7-4668-BE54-9A1E7A4F7556}") = "WorkOrder.Infrastructure", "WorkOrder.Infrastructure\WorkOrder.Infrastructure.csproj", "{77356815-3887-4BC9-BFEA-A9FDE6BD9D82}"
EndProject
Project("{FAE04EC0-301F-11D3-BF4B-00C04F79EFBC}") = "WorkOrder.Tests", "WorkOrder.Tests\WorkOrder.Tests.csproj", "{FE890335-3680-4ADB-A493-379E8668A73E}"
EndProject
Global
	GlobalSection(SolutionConfigurationPlatforms) = preSolution
		Debug|Any CPU = Debug|Any CPU
		Release|Any CPU = Release|Any CPU
	EndGlobalSection
	GlobalSection(ProjectConfigurationPlatforms) = postSolution
		{78070843-6CEF-44C9-BA8F-350088B4A16F}.Debug|Any CPU.ActiveCfg = Debug|Any CPU
		{78070843-6CEF-44C9-BA8F-350088B4A16F}.Debug|Any CPU.Build.0 = Debug|Any CPU
		{78070843-6CEF-44C9-BA8F-350088B4A16F}.Release|Any CPU.ActiveCfg = Release|Any CPU
		{78070843-6CEF-44C9-BA8F-350088B4A16F}.Release|Any CPU.Build.0 = Release|Any CPU
		{8314E8F3-FFBC-4CA7-9E7F-44B298AE78C5}.Debug|Any CPU.ActiveCfg = Debug|Any CPU
		{8314E8F3-FFBC-4CA7-9E7F-44B298AE78C5}.Debug|Any CPU.Build.0 = Debug|Any CPU
		{8314E8F3-FFBC-4CA7-9E7F-44B298AE78C5}.Release|Any CPU.ActiveCfg = Release|Any CPU
		{8314E8F3-FFBC-4CA7-9E7F-44B298AE78C5}.Release|Any CPU.Build.0 = Release|Any CPU
		{77356815-3887-4BC9-BFEA-A9FDE6BD9D82}.Debug|Any CPU.ActiveCfg = Debug|Any CPU
		{77356815-3887-4BC9-BFEA-A9FDE6BD9D82}.Debug|Any CPU.Build.0 = Debug|Any CPU
		{77356815-3887-4BC9-BFEA-A9FDE6BD9D82}.Release|Any CPU.ActiveCfg = Release|Any CPU
		{77356815-3887-4BC9-BFEA-A9FDE6BD9D82}.Release|Any CPU.Build.0 = Release|Any CPU
		{FE890335-3680-4ADB-A493-379E8668A73E}.Debug|Any CPU.ActiveCfg = Debug|Any CPU
		{FE890335-3680-4ADB-A493-379E8668A73E}.Debug|Any CPU.Build.0 = Debug|Any CPU
		{FE890335-3680-4ADB-A493-379E8668A73E}.Release|Any CPU.ActiveCfg = Release|Any CPU
		{FE890335-3680-4ADB-A493-379E8668A73E}.Release|Any CPU.Build.0 = Release|Any CPU
	EndGlobalSection
	GlobalSection(SolutionProperties) = preSolution
		HideSolutionNode = FALSE
	EndGlobalSection
	GlobalSection(ExtensibilityGlobals) = postSolution
		SolutionGuid = {EC91A673-D88F-4B55-BAEA-234B5F81CED6}
	EndGlobalSection
EndGlobal
